<?xml version="1.0" encoding="utf-8"?>
<Project ToolsVersion="4.0" xmlns="http://schemas.microsoft.com/developer/msbuild/2003">
  <ItemGroup>
    <Filter Include="IniFile">
      <UniqueIdentifier>{4b9cc883-2fc4-4676-bd35-44a417e15e28}</UniqueIdentifier>
    </Filter>
    <Filter Include="IOCPServer">
      <UniqueIdentifier>{84fd851b-0fe6-4cfd-b78b-159bbaf74e84}</UniqueIdentifier>
    </Filter>
    <Filter Include="lib">
      <UniqueIdentifier>{42bf329e-3bf7-4d15-a5fd-3d2280d70aa7}</UniqueIdentifier>
    </Filter>
    <Filter Include="lib\zlib">
      <UniqueIdentifier>{d30cefee-2cd1-4653-80cd-689df95b405d}</UniqueIdentifier>
    </Filter>
    <Filter Include="Buffer">
      <UniqueIdentifier>{9c6d57fb-d7dc-48d8-87da-a473d5149972}</UniqueIdentifier>
    </Filter>
    <Filter Include="CpuUsage">
      <UniqueIdentifier>{3f8382b4-9108-45f8-9548-2ab8ba2e748a}</UniqueIdentifier>
    </Filter>
    <Filter Include="Mapper">
      <UniqueIdentifier>{79502096-0412-4691-a9e5-f10d05e101bf}</UniqueIdentifier>
    </Filter>
    <Filter Include="KeyboardManager">
      <UniqueIdentifier>{dfe6ddc0-9cd8-4cd1-adf0-f14d9ba4805b}</UniqueIdentifier>
    </Filter>
    <Filter Include="Manager">
      <UniqueIdentifier>{566d4d30-9e26-4e2e-aaca-7383fddc82e6}</UniqueIdentifier>
    </Filter>
    <Filter Include="ClientSocket">
      <UniqueIdentifier>{a886f957-b9cd-40ef-b402-f31162e644db}</UniqueIdentifier>
    </Filter>
    <Filter Include="Until">
      <UniqueIdentifier>{df7b45f7-1727-4aa6-985a-a2077b178986}</UniqueIdentifier>
    </Filter>
    <Filter Include="RegEditEx">
      <UniqueIdentifier>{f401b38c-998c-40d4-92ae-88c15a4f34ce}</UniqueIdentifier>
    </Filter>
    <Filter Include="Others">
      <UniqueIdentifier>{41602bba-a9d5-4b1a-846a-d85b1b636644}</UniqueIdentifier>
    </Filter>
  </ItemGroup>
  <ItemGroup>
    <ClCompile Include="$(MSBuildThisFileDirectory)IniFile\IniFile.cpp">
      <Filter>IniFile</Filter>
    </ClCompile>
    <ClCompile Include="$(MSBuildThisFileDirectory)IOCPServer\IOCPServer.cpp">
      <Filter>IOCPServer</Filter>
    </ClCompile>
    <ClCompile Include="$(MSBuildThisFileDirectory)Buffer\Buffer.cpp">
      <Filter>Buffer</Filter>
    </ClCompile>
    <ClCompile Include="$(MSBuildThisFileDirectory)CpuUsage\CpuUsage.cpp">
      <Filter>CpuUsage</Filter>
    </ClCompile>
    <ClCompile Include="$(MSBuildThisFileDirectory)KeyboardManager\KeyboardManager.cpp">
      <Filter>KeyboardManager</Filter>
    </ClCompile>
    <ClCompile Include="$(MSBuildThisFileDirectory)Manager\Manager.cpp">
      <Filter>Manager</Filter>
    </ClCompile>
    <ClCompile Include="$(MSBuildThisFileDirectory)ClientSocket\ClientSocket.cpp">
      <Filter>ClientSocket</Filter>
    </ClCompile>
    <ClCompile Include="$(MSBuildThisFileDirectory)Until\until.cpp">
      <Filter>Until</Filter>
    </ClCompile>
    <ClCompile Include="$(MSBuildThisFileDirectory)RegEditEx\RegEditEx.cpp">
      <Filter>RegEditEx</Filter>
    </ClCompile>
  </ItemGroup>
  <ItemGroup>
    <ClInclude Include="$(MSBuildThisFileDirectory)IniFile\IniFile.h">
      <Filter>IniFile</Filter>
    </ClInclude>
    <ClInclude Include="$(MSBuildThisFileDirectory)IOCPServer\IOCPServer.h">
      <Filter>IOCPServer</Filter>
    </ClInclude>
    <ClInclude Include="$(MSBuildThisFileDirectory)lib\zlib\zlib.h">
      <Filter>lib\zlib</Filter>
    </ClInclude>
    <ClInclude Include="$(MSBuildThisFileDirectory)Buffer\Buffer.h">
      <Filter>Buffer</Filter>
    </ClInclude>
    <ClInclude Include="$(MSBuildThisFileDirectory)CpuUsage\CpuUsage.h">
      <Filter>CpuUsage</Filter>
    </ClInclude>
    <ClInclude Include="$(MSBuildThisFileDirectory)Mapper\Mapper.h">
      <Filter>Mapper</Filter>
    </ClInclude>
    <ClInclude Include="$(MSBuildThisFileDirectory)KeyboardManager\KeyboardManager.h">
      <Filter>KeyboardManager</Filter>
    </ClInclude>
    <ClInclude Include="$(MSBuildThisFileDirectory)Manager\Manager.h">
      <Filter>Manager</Filter>
    </ClInclude>
    <ClInclude Include="$(MSBuildThisFileDirectory)ClientSocket\ClientSocket.h">
      <Filter>ClientSocket</Filter>
    </ClInclude>
    <ClInclude Include="$(MSBuildThisFileDirectory)Until\until.h">
      <Filter>Until</Filter>
    </ClInclude>
    <ClInclude Include="$(MSBuildThisFileDirectory)RegEditEx\RegEditEx.h">
      <Filter>RegEditEx</Filter>
    </ClInclude>
    <ClInclude Include="$(MSBuildThisFileDirectory)Others\loop.h">
      <Filter>Others</Filter>
    </ClInclude>
    <ClInclude Include="$(MSBuildThisFileDirectory)Others\decode.h">
      <Filter>Others</Filter>
    </ClInclude>
    <ClInclude Include="$(MSBuildThisFileDirectory)Others\login.h">
      <Filter>Others</Filter>
    </ClInclude>
    <ClInclude Include="$(MSBuildThisFileDirectory)Others\macros.h">
      <Filter>Others</Filter>
    </ClInclude>
    <ClInclude Include="$(MSBuildThisFileDirectory)Others\Mapper.h">
      <Filter>Others</Filter>
    </ClInclude>
  </ItemGroup>
</Project>